
Microsoft Visual Studio Solution File, Format Version 12.00
# Visual Studio Version 17
VisualStudioVersion = 17.1.32228.430
MinimumVisualStudioVersion = 10.0.40219.1
Project("{2150E333-8FDC-42A3-9474-1A3956D46DE8}") = "Microservices", "Microservices", "{D6394622-19FA-4C4B-99B1-23AF16CE0E38}"
EndProject
Project("{2150E333-8FDC-42A3-9474-1A3956D46DE8}") = "Catalog", "Catalog", "{40AF2E16-389F-49A2-91E1-84E9ED24AFEA}"
EndProject
Project("{9A19103F-16F7-4668-BE54-9A1E7A4F7556}") = "Catalog.API", "Microservices\Catalog\Catalog.API\Catalog.API.csproj", "{ACD6DD22-72BA-42B7-9510-72FD79116851}"
EndProject
Project("{E53339B2-1760-4266-BCC7-CA923CBCF16C}") = "docker-compose", "docker-compose.dcproj", "{EC942695-45F3-4932-85B2-4F8BEB501BB8}"
EndProject
Project("{2150E333-8FDC-42A3-9474-1A3956D46DE8}") = "Basket", "Basket", "{CF3A2B2C-8A3C-4523-8D1B-CC4E1060AC4A}"
EndProject
Project("{9A19103F-16F7-4668-BE54-9A1E7A4F7556}") = "Basket.API", "Microservices\Basket\Basket.API\Basket.API.csproj", "{422351EF-66A7-47B3-90CD-0DD16C90DCDB}"
EndProject
Project("{2150E333-8FDC-42A3-9474-1A3956D46DE8}") = "Discount", "Discount", "{D214A239-F2EC-4F0A-9361-8E2E6949E8FF}"
EndProject
Project("{9A19103F-16F7-4668-BE54-9A1E7A4F7556}") = "Discount.API", "Microservices\Discount\Discount.API\Discount.API.csproj", "{7476BA33-2F8F-471F-B93B-7D5E175DA013}"
EndProject
Project("{9A19103F-16F7-4668-BE54-9A1E7A4F7556}") = "dicount.gRPC", "Microservices\Discount\dicount.gRPC\dicount.gRPC.csproj", "{0AD4BA7C-28C8-450A-ACA6-A7EE55EA9029}"
EndProject
Project("{2150E333-8FDC-42A3-9474-1A3956D46DE8}") = "Ordering", "Ordering", "{0EF7F98D-964F-4723-B10F-2E652B2DBEDA}"
EndProject
Project("{9A19103F-16F7-4668-BE54-9A1E7A4F7556}") = "Ordering.API", "Microservices\Ordering\Ordering.API\Ordering.API.csproj", "{C89843C6-C9D7-4C24-BC64-DA1D299A6544}"
EndProject
Project("{9A19103F-16F7-4668-BE54-9A1E7A4F7556}") = "Ordering.Domain", "Microservices\Ordering\Ordering.Domain\Ordering.Domain.csproj", "{EA6F2E9A-480A-4F6D-B64E-319FB67AF049}"
EndProject
Project("{9A19103F-16F7-4668-BE54-9A1E7A4F7556}") = "Ordering.Application", "Microservices\Ordering\Ordering.Application\Ordering.Application.csproj", "{FEAA2F1E-4B3A-4A22-BA7B-43919A9E9595}"
EndProject
Project("{9A19103F-16F7-4668-BE54-9A1E7A4F7556}") = "Ordering.Infrastructure", "Microservices\Ordering\Ordering.Infrastructure\Ordering.Infrastructure.csproj", "{FF7B7BA1-EB31-4774-B328-642403F3B267}"
EndProject
Project("{2150E333-8FDC-42A3-9474-1A3956D46DE8}") = "BuildingBlocks", "BuildingBlocks", "{F0B958D1-739C-4319-A266-7F715921DA2C}"
EndProject
Project("{9A19103F-16F7-4668-BE54-9A1E7A4F7556}") = "EventBus.Message", "BuildingBlocks\EventBus.Message\EventBus.Message.csproj", "{3D72F64C-E7A0-4632-B1E0-6E9A6C90D735}"
EndProject
Project("{2150E333-8FDC-42A3-9474-1A3956D46DE8}") = "APIGatWay", "APIGatWay", "{53C53F85-5BD1-4391-9E4C-452BA380A4A8}"
EndProject
Project("{FAE04EC0-301F-11D3-BF4B-00C04F79EFBC}") = "APIGatWay", "APIGatWay\APIGatWay\APIGatWay.csproj", "{DA8EA09A-57B7-43EC-8F81-79EB8E0EB93E}"
EndProject
Global
	GlobalSection(SolutionConfigurationPlatforms) = preSolution
		Debug|Any CPU = Debug|Any CPU
		Release|Any CPU = Release|Any CPU
	EndGlobalSection
	GlobalSection(ProjectConfigurationPlatforms) = postSolution
		{ACD6DD22-72BA-42B7-9510-72FD79116851}.Debug|Any CPU.ActiveCfg = Debug|Any CPU
		{ACD6DD22-72BA-42B7-9510-72FD79116851}.Debug|Any CPU.Build.0 = Debug|Any CPU
		{ACD6DD22-72BA-42B7-9510-72FD79116851}.Release|Any CPU.ActiveCfg = Release|Any CPU
		{ACD6DD22-72BA-42B7-9510-72FD79116851}.Release|Any CPU.Build.0 = Release|Any CPU
		{EC942695-45F3-4932-85B2-4F8BEB501BB8}.Debug|Any CPU.ActiveCfg = Debug|Any CPU
		{EC942695-45F3-4932-85B2-4F8BEB501BB8}.Debug|Any CPU.Build.0 = Debug|Any CPU
		{EC942695-45F3-4932-85B2-4F8BEB501BB8}.Release|Any CPU.ActiveCfg = Release|Any CPU
		{EC942695-45F3-4932-85B2-4F8BEB501BB8}.Release|Any CPU.Build.0 = Release|Any CPU
		{422351EF-66A7-47B3-90CD-0DD16C90DCDB}.Debug|Any CPU.ActiveCfg = Debug|Any CPU
		{422351EF-66A7-47B3-90CD-0DD16C90DCDB}.Debug|Any CPU.Build.0 = Debug|Any CPU
		{422351EF-66A7-47B3-90CD-0DD16C90DCDB}.Release|Any CPU.ActiveCfg = Release|Any CPU
		{422351EF-66A7-47B3-90CD-0DD16C90DCDB}.Release|Any CPU.Build.0 = Release|Any CPU
		{7476BA33-2F8F-471F-B93B-7D5E175DA013}.Debug|Any CPU.ActiveCfg = Debug|Any CPU
		{7476BA33-2F8F-471F-B93B-7D5E175DA013}.Debug|Any CPU.Build.0 = Debug|Any CPU
		{7476BA33-2F8F-471F-B93B-7D5E175DA013}.Release|Any CPU.ActiveCfg = Release|Any CPU
		{7476BA33-2F8F-471F-B93B-7D5E175DA013}.Release|Any CPU.Build.0 = Release|Any CPU
		{0AD4BA7C-28C8-450A-ACA6-A7EE55EA9029}.Debug|Any CPU.ActiveCfg = Debug|Any CPU
		{0AD4BA7C-28C8-450A-ACA6-A7EE55EA9029}.Debug|Any CPU.Build.0 = Debug|Any CPU
		{0AD4BA7C-28C8-450A-ACA6-A7EE55EA9029}.Release|Any CPU.ActiveCfg = Release|Any CPU
		{0AD4BA7C-28C8-450A-ACA6-A7EE55EA9029}.Release|Any CPU.Build.0 = Release|Any CPU
		{C89843C6-C9D7-4C24-BC64-DA1D299A6544}.Debug|Any CPU.ActiveCfg = Debug|Any CPU
		{C89843C6-C9D7-4C24-BC64-DA1D299A6544}.Debug|Any CPU.Build.0 = Debug|Any CPU
		{C89843C6-C9D7-4C24-BC64-DA1D299A6544}.Release|Any CPU.ActiveCfg = Release|Any CPU
		{C89843C6-C9D7-4C24-BC64-DA1D299A6544}.Release|Any CPU.Build.0 = Release|Any CPU
		{EA6F2E9A-480A-4F6D-B64E-319FB67AF049}.Debug|Any CPU.ActiveCfg = Debug|Any CPU
		{EA6F2E9A-480A-4F6D-B64E-319FB67AF049}.Debug|Any CPU.Build.0 = Debug|Any CPU
		{EA6F2E9A-480A-4F6D-B64E-319FB67AF049}.Release|Any CPU.ActiveCfg = Release|Any CPU
		{EA6F2E9A-480A-4F6D-B64E-319FB67AF049}.Release|Any CPU.Build.0 = Release|Any CPU
		{FEAA2F1E-4B3A-4A22-BA7B-43919A9E9595}.Debug|Any CPU.ActiveCfg = Debug|Any CPU
		{FEAA2F1E-4B3A-4A22-BA7B-43919A9E9595}.Debug|Any CPU.Build.0 = Debug|Any CPU
		{FEAA2F1E-4B3A-4A22-BA7B-43919A9E9595}.Release|Any CPU.ActiveCfg = Release|Any CPU
		{FEAA2F1E-4B3A-4A22-BA7B-43919A9E9595}.Release|Any CPU.Build.0 = Release|Any CPU
		{FF7B7BA1-EB31-4774-B328-642403F3B267}.Debug|Any CPU.ActiveCfg = Debug|Any CPU
		{FF7B7BA1-EB31-4774-B328-642403F3B267}.Debug|Any CPU.Build.0 = Debug|Any CPU
		{FF7B7BA1-EB31-4774-B328-642403F3B267}.Release|Any CPU.ActiveCfg = Release|Any CPU
		{FF7B7BA1-EB31-4774-B328-642403F3B267}.Release|Any CPU.Build.0 = Release|Any CPU
		{3D72F64C-E7A0-4632-B1E0-6E9A6C90D735}.Debug|Any CPU.ActiveCfg = Debug|Any CPU
		{3D72F64C-E7A0-4632-B1E0-6E9A6C90D735}.Debug|Any CPU.Build.0 = Debug|Any CPU
		{3D72F64C-E7A0-4632-B1E0-6E9A6C90D735}.Release|Any CPU.ActiveCfg = Release|Any CPU
		{3D72F64C-E7A0-4632-B1E0-6E9A6C90D735}.Release|Any CPU.Build.0 = Release|Any CPU
		{DA8EA09A-57B7-43EC-8F81-79EB8E0EB93E}.Debug|Any CPU.ActiveCfg = Debug|Any CPU
		{DA8EA09A-57B7-43EC-8F81-79EB8E0EB93E}.Debug|Any CPU.Build.0 = Debug|Any CPU
		{DA8EA09A-57B7-43EC-8F81-79EB8E0EB93E}.Release|Any CPU.ActiveCfg = Release|Any CPU
		{DA8EA09A-57B7-43EC-8F81-79EB8E0EB93E}.Release|Any CPU.Build.0 = Release|Any CPU
	EndGlobalSection
	GlobalSection(SolutionProperties) = preSolution
		HideSolutionNode = FALSE
	EndGlobalSection
	GlobalSection(NestedProjects) = preSolution
		{40AF2E16-389F-49A2-91E1-84E9ED24AFEA} = {D6394622-19FA-4C4B-99B1-23AF16CE0E38}
		{ACD6DD22-72BA-42B7-9510-72FD79116851} = {40AF2E16-389F-49A2-91E1-84E9ED24AFEA}
		{CF3A2B2C-8A3C-4523-8D1B-CC4E1060AC4A} = {D6394622-19FA-4C4B-99B1-23AF16CE0E38}
		{422351EF-66A7-47B3-90CD-0DD16C90DCDB} = {CF3A2B2C-8A3C-4523-8D1B-CC4E1060AC4A}
		{D214A239-F2EC-4F0A-9361-8E2E6949E8FF} = {D6394622-19FA-4C4B-99B1-23AF16CE0E38}
		{7476BA33-2F8F-471F-B93B-7D5E175DA013} = {D214A239-F2EC-4F0A-9361-8E2E6949E8FF}
		{0AD4BA7C-28C8-450A-ACA6-A7EE55EA9029} = {D214A239-F2EC-4F0A-9361-8E2E6949E8FF}
		{0EF7F98D-964F-4723-B10F-2E652B2DBEDA} = {D6394622-19FA-4C4B-99B1-23AF16CE0E38}
		{C89843C6-C9D7-4C24-BC64-DA1D299A6544} = {0EF7F98D-964F-4723-B10F-2E652B2DBEDA}
		{EA6F2E9A-480A-4F6D-B64E-319FB67AF049} = {0EF7F98D-964F-4723-B10F-2E652B2DBEDA}
		{FEAA2F1E-4B3A-4A22-BA7B-43919A9E9595} = {0EF7F98D-964F-4723-B10F-2E652B2DBEDA}
		{FF7B7BA1-EB31-4774-B328-642403F3B267} = {0EF7F98D-964F-4723-B10F-2E652B2DBEDA}
		{3D72F64C-E7A0-4632-B1E0-6E9A6C90D735} = {F0B958D1-739C-4319-A266-7F715921DA2C}
		{DA8EA09A-57B7-43EC-8F81-79EB8E0EB93E} = {53C53F85-5BD1-4391-9E4C-452BA380A4A8}
	EndGlobalSection
	GlobalSection(ExtensibilityGlobals) = postSolution
		SolutionGuid = {A39F76BC-E2B8-495F-9DE4-2748C423BCA4}
	EndGlobalSection
EndGlobal
